
Microsoft Visual Studio Solution File, Format Version 12.00
# Visual Studio Version 16
VisualStudioVersion = 16.0.29123.88
MinimumVisualStudioVersion = 10.0.40219.1
Project("{FAE04EC0-301F-11D3-BF4B-00C04F79EFBC}") = "HFT02_skeleton", "HFT02_skeleton\HFT02_skeleton.csproj", "{FFAD95E3-9568-4BC1-8BF3-902E3BD626FD}"
EndProject
Global
	GlobalSection(SolutionConfigurationPlatforms) = preSolution
		Debug|Any CPU = Debug|Any CPU
		Release|Any CPU = Release|Any CPU
	EndGlobalSection
	GlobalSection(ProjectConfigurationPlatforms) = postSolution
		{FFAD95E3-9568-4BC1-8BF3-902E3BD626FD}.Debug|Any CPU.ActiveCfg = Debug|Any CPU
		{FFAD95E3-9568-4BC1-8BF3-902E3BD626FD}.Debug|Any CPU.Build.0 = Debug|Any CPU
		{FFAD95E3-9568-4BC1-8BF3-902E3BD626FD}.Release|Any CPU.ActiveCfg = Release|Any CPU
		{FFAD95E3-9568-4BC1-8BF3-902E3BD626FD}.Release|Any CPU.Build.0 = Release|Any CPU
	EndGlobalSection
	GlobalSection(SolutionProperties) = preSolution
		HideSolutionNode = FALSE
	EndGlobalSection
	GlobalSection(ExtensibilityGlobals) = postSolution
		SolutionGuid = {BCD04BED-5325-4121-BB7C-48EB279012C7}
	EndGlobalSection
EndGlobal
